
Microsoft Visual Studio Solution File, Format Version 12.00
# Visual Studio 2012
Project("{FAE04EC0-301F-11D3-BF4B-00C04F79EFBC}") = "Tooltips", "Tooltips\Tooltips.csproj", "{B602D488-9557-4D6B-AD8F-F5DE94AC3399}"
EndProject
Project("{FAE04EC0-301F-11D3-BF4B-00C04F79EFBC}") = "TooltipsWeb", "TooltipsWeb\TooltipsWeb.csproj", "{B5B265F4-2D27-4D4D-8558-3081379A8046}"
EndProject
Global
	GlobalSection(SolutionConfigurationPlatforms) = preSolution
		Debug|Any CPU = Debug|Any CPU
		Release|Any CPU = Release|Any CPU
	EndGlobalSection
	GlobalSection(ProjectConfigurationPlatforms) = postSolution
		{B602D488-9557-4D6B-AD8F-F5DE94AC3399}.Debug|Any CPU.ActiveCfg = Debug|Any CPU
		{B602D488-9557-4D6B-AD8F-F5DE94AC3399}.Debug|Any CPU.Build.0 = Debug|Any CPU
		{B602D488-9557-4D6B-AD8F-F5DE94AC3399}.Debug|Any CPU.Deploy.0 = Debug|Any CPU
		{B602D488-9557-4D6B-AD8F-F5DE94AC3399}.Release|Any CPU.ActiveCfg = Release|Any CPU
		{B602D488-9557-4D6B-AD8F-F5DE94AC3399}.Release|Any CPU.Build.0 = Release|Any CPU
		{B602D488-9557-4D6B-AD8F-F5DE94AC3399}.Release|Any CPU.Deploy.0 = Release|Any CPU
		{B5B265F4-2D27-4D4D-8558-3081379A8046}.Debug|Any CPU.ActiveCfg = Debug|Any CPU
		{B5B265F4-2D27-4D4D-8558-3081379A8046}.Debug|Any CPU.Build.0 = Debug|Any CPU
		{B5B265F4-2D27-4D4D-8558-3081379A8046}.Release|Any CPU.ActiveCfg = Release|Any CPU
		{B5B265F4-2D27-4D4D-8558-3081379A8046}.Release|Any CPU.Build.0 = Release|Any CPU
	EndGlobalSection
	GlobalSection(SolutionProperties) = preSolution
		HideSolutionNode = FALSE
	EndGlobalSection
EndGlobal
